// !$*UTF8*$!
{
	archiveVersion = 1;
	classes = {
	};
	objectVersion = 56;
	objects = {

/* Begin PBXBuildFile section */
		8264A8192B74E084002423FB /* EmployeesResponseModel.swift in Sources */ = {isa = PBXBuildFile; fileRef = 8264A8182B74E084002423FB /* EmployeesResponseModel.swift */; };
		826BEFF62B734D2A00F0A272 /* AppDelegate.swift in Sources */ = {isa = PBXBuildFile; fileRef = 826BEFF52B734D2A00F0A272 /* AppDelegate.swift */; };
		826BEFF82B734D2A00F0A272 /* SceneDelegate.swift in Sources */ = {isa = PBXBuildFile; fileRef = 826BEFF72B734D2A00F0A272 /* SceneDelegate.swift */; };
		826BEFFD2B734D2A00F0A272 /* Main.storyboard in Resources */ = {isa = PBXBuildFile; fileRef = 826BEFFB2B734D2A00F0A272 /* Main.storyboard */; };
		826BEFFF2B734D4000F0A272 /* Assets.xcassets in Resources */ = {isa = PBXBuildFile; fileRef = 826BEFFE2B734D4000F0A272 /* Assets.xcassets */; };
		826BF0022B734D4000F0A272 /* LaunchScreen.storyboard in Resources */ = {isa = PBXBuildFile; fileRef = 826BF0002B734D4000F0A272 /* LaunchScreen.storyboard */; };
		826BF0132B7429D900F0A272 /* DashboardPresenter.swift in Sources */ = {isa = PBXBuildFile; fileRef = 826BF00D2B7429D900F0A272 /* DashboardPresenter.swift */; };
		826BF0142B7429D900F0A272 /* DashboardRouter.swift in Sources */ = {isa = PBXBuildFile; fileRef = 826BF00E2B7429D900F0A272 /* DashboardRouter.swift */; };
		826BF0152B7429D900F0A272 /* DashboardInteractor.swift in Sources */ = {isa = PBXBuildFile; fileRef = 826BF00F2B7429D900F0A272 /* DashboardInteractor.swift */; };
		826BF0162B7429D900F0A272 /* DashboardProtocol.swift in Sources */ = {isa = PBXBuildFile; fileRef = 826BF0102B7429D900F0A272 /* DashboardProtocol.swift */; };
		826BF0172B7429D900F0A272 /* DashboardVC.swift in Sources */ = {isa = PBXBuildFile; fileRef = 826BF0112B7429D900F0A272 /* DashboardVC.swift */; };
		826BF01A2B742CF200F0A272 /* DashboardTableViewCell.swift in Sources */ = {isa = PBXBuildFile; fileRef = 826BF0192B742CF200F0A272 /* DashboardTableViewCell.swift */; };
		826BF01D2B742E2700F0A272 /* UserDataType.swift in Sources */ = {isa = PBXBuildFile; fileRef = 826BF01C2B742E2700F0A272 /* UserDataType.swift */; };
		826BF01F2B74300600F0A272 /* UserDataModel.swift in Sources */ = {isa = PBXBuildFile; fileRef = 826BF01E2B74300600F0A272 /* UserDataModel.swift */; };
		826BF0282B74C57200F0A272 /* DetailPresenter.swift in Sources */ = {isa = PBXBuildFile; fileRef = 826BF0222B74C57200F0A272 /* DetailPresenter.swift */; };
		826BF0292B74C57200F0A272 /* DetailRouter.swift in Sources */ = {isa = PBXBuildFile; fileRef = 826BF0232B74C57200F0A272 /* DetailRouter.swift */; };
		826BF02A2B74C57200F0A272 /* DetailInteractor.swift in Sources */ = {isa = PBXBuildFile; fileRef = 826BF0242B74C57200F0A272 /* DetailInteractor.swift */; };
		826BF02B2B74C57200F0A272 /* DetailProtocol.swift in Sources */ = {isa = PBXBuildFile; fileRef = 826BF0252B74C57200F0A272 /* DetailProtocol.swift */; };
		826BF02C2B74C57200F0A272 /* DetailVC.swift in Sources */ = {isa = PBXBuildFile; fileRef = 826BF0262B74C57200F0A272 /* DetailVC.swift */; };
		826BF02F2B74C75600F0A272 /* CameraTableViewCell.swift in Sources */ = {isa = PBXBuildFile; fileRef = 826BF02E2B74C75600F0A272 /* CameraTableViewCell.swift */; };
		826BF0312B74C7A500F0A272 /* HeaderTableViewCell.swift in Sources */ = {isa = PBXBuildFile; fileRef = 826BF0302B74C7A500F0A272 /* HeaderTableViewCell.swift */; };
		826BF0332B74C9B000F0A272 /* EmployeeTableViewCell.swift in Sources */ = {isa = PBXBuildFile; fileRef = 826BF0322B74C9B000F0A272 /* EmployeeTableViewCell.swift */; };
		826BF0352B74C9EB00F0A272 /* TextFieldTableViewCell.swift in Sources */ = {isa = PBXBuildFile; fileRef = 826BF0342B74C9EB00F0A272 /* TextFieldTableViewCell.swift */; };
		826BF0372B74CA0C00F0A272 /* DatePickerTableViewCell.swift in Sources */ = {isa = PBXBuildFile; fileRef = 826BF0362B74CA0C00F0A272 /* DatePickerTableViewCell.swift */; };
		826BF0392B74CA2D00F0A272 /* ColorTableViewCell.swift in Sources */ = {isa = PBXBuildFile; fileRef = 826BF0382B74CA2D00F0A272 /* ColorTableViewCell.swift */; };
/* End PBXBuildFile section */

/* Begin PBXFileReference section */
		8264A8182B74E084002423FB /* EmployeesResponseModel.swift */ = {isa = PBXFileReference; lastKnownFileType = sourcecode.swift; path = EmployeesResponseModel.swift; sourceTree = "<group>"; };
		826BEFF22B734D2A00F0A272 /* DemoAppVale.app */ = {isa = PBXFileReference; explicitFileType = wrapper.application; includeInIndex = 0; path = DemoAppVale.app; sourceTree = BUILT_PRODUCTS_DIR; };
		826BEFF52B734D2A00F0A272 /* AppDelegate.swift */ = {isa = PBXFileReference; lastKnownFileType = sourcecode.swift; path = AppDelegate.swift; sourceTree = "<group>"; };
		826BEFF72B734D2A00F0A272 /* SceneDelegate.swift */ = {isa = PBXFileReference; lastKnownFileType = sourcecode.swift; path = SceneDelegate.swift; sourceTree = "<group>"; };
		826BEFFC2B734D2A00F0A272 /* Base */ = {isa = PBXFileReference; lastKnownFileType = file.storyboard; name = Base; path = Base.lproj/Main.storyboard; sourceTree = "<group>"; };
		826BEFFE2B734D4000F0A272 /* Assets.xcassets */ = {isa = PBXFileReference; lastKnownFileType = folder.assetcatalog; path = Assets.xcassets; sourceTree = "<group>"; };
		826BF0012B734D4000F0A272 /* Base */ = {isa = PBXFileReference; lastKnownFileType = file.storyboard; name = Base; path = Base.lproj/LaunchScreen.storyboard; sourceTree = "<group>"; };
		826BF0032B734D4000F0A272 /* Info.plist */ = {isa = PBXFileReference; lastKnownFileType = text.plist.xml; path = Info.plist; sourceTree = "<group>"; };
		826BF00D2B7429D900F0A272 /* DashboardPresenter.swift */ = {isa = PBXFileReference; lastKnownFileType = sourcecode.swift; path = DashboardPresenter.swift; sourceTree = "<group>"; };
		826BF00E2B7429D900F0A272 /* DashboardRouter.swift */ = {isa = PBXFileReference; lastKnownFileType = sourcecode.swift; path = DashboardRouter.swift; sourceTree = "<group>"; };
		826BF00F2B7429D900F0A272 /* DashboardInteractor.swift */ = {isa = PBXFileReference; lastKnownFileType = sourcecode.swift; path = DashboardInteractor.swift; sourceTree = "<group>"; };
		826BF0102B7429D900F0A272 /* DashboardProtocol.swift */ = {isa = PBXFileReference; lastKnownFileType = sourcecode.swift; path = DashboardProtocol.swift; sourceTree = "<group>"; };
		826BF0112B7429D900F0A272 /* DashboardVC.swift */ = {isa = PBXFileReference; lastKnownFileType = sourcecode.swift; path = DashboardVC.swift; sourceTree = "<group>"; };
		826BF0192B742CF200F0A272 /* DashboardTableViewCell.swift */ = {isa = PBXFileReference; lastKnownFileType = sourcecode.swift; path = DashboardTableViewCell.swift; sourceTree = "<group>"; };
		826BF01C2B742E2700F0A272 /* UserDataType.swift */ = {isa = PBXFileReference; lastKnownFileType = sourcecode.swift; path = UserDataType.swift; sourceTree = "<group>"; };
		826BF01E2B74300600F0A272 /* UserDataModel.swift */ = {isa = PBXFileReference; lastKnownFileType = sourcecode.swift; path = UserDataModel.swift; sourceTree = "<group>"; };
		826BF0222B74C57200F0A272 /* DetailPresenter.swift */ = {isa = PBXFileReference; lastKnownFileType = sourcecode.swift; path = DetailPresenter.swift; sourceTree = "<group>"; };
		826BF0232B74C57200F0A272 /* DetailRouter.swift */ = {isa = PBXFileReference; lastKnownFileType = sourcecode.swift; path = DetailRouter.swift; sourceTree = "<group>"; };
		826BF0242B74C57200F0A272 /* DetailInteractor.swift */ = {isa = PBXFileReference; lastKnownFileType = sourcecode.swift; path = DetailInteractor.swift; sourceTree = "<group>"; };
		826BF0252B74C57200F0A272 /* DetailProtocol.swift */ = {isa = PBXFileReference; lastKnownFileType = sourcecode.swift; path = DetailProtocol.swift; sourceTree = "<group>"; };
		826BF0262B74C57200F0A272 /* DetailVC.swift */ = {isa = PBXFileReference; lastKnownFileType = sourcecode.swift; path = DetailVC.swift; sourceTree = "<group>"; };
		826BF02E2B74C75600F0A272 /* CameraTableViewCell.swift */ = {isa = PBXFileReference; lastKnownFileType = sourcecode.swift; path = CameraTableViewCell.swift; sourceTree = "<group>"; };
		826BF0302B74C7A500F0A272 /* HeaderTableViewCell.swift */ = {isa = PBXFileReference; lastKnownFileType = sourcecode.swift; path = HeaderTableViewCell.swift; sourceTree = "<group>"; };
		826BF0322B74C9B000F0A272 /* EmployeeTableViewCell.swift */ = {isa = PBXFileReference; lastKnownFileType = sourcecode.swift; path = EmployeeTableViewCell.swift; sourceTree = "<group>"; };
		826BF0342B74C9EB00F0A272 /* TextFieldTableViewCell.swift */ = {isa = PBXFileReference; lastKnownFileType = sourcecode.swift; path = TextFieldTableViewCell.swift; sourceTree = "<group>"; };
		826BF0362B74CA0C00F0A272 /* DatePickerTableViewCell.swift */ = {isa = PBXFileReference; lastKnownFileType = sourcecode.swift; path = DatePickerTableViewCell.swift; sourceTree = "<group>"; };
		826BF0382B74CA2D00F0A272 /* ColorTableViewCell.swift */ = {isa = PBXFileReference; lastKnownFileType = sourcecode.swift; path = ColorTableViewCell.swift; sourceTree = "<group>"; };
/* End PBXFileReference section */

/* Begin PBXFrameworksBuildPhase section */
		826BEFEF2B734D2A00F0A272 /* Frameworks */ = {
			isa = PBXFrameworksBuildPhase;
			buildActionMask = 2147483647;
			files = (
			);
			runOnlyForDeploymentPostprocessing = 0;
		};
/* End PBXFrameworksBuildPhase section */

/* Begin PBXGroup section */
		826BEFE92B734D2A00F0A272 = {
			isa = PBXGroup;
			children = (
				826BEFF42B734D2A00F0A272 /* DemoAppVale */,
				826BEFF32B734D2A00F0A272 /* Products */,
			);
			sourceTree = "<group>";
		};
		826BEFF32B734D2A00F0A272 /* Products */ = {
			isa = PBXGroup;
			children = (
				826BEFF22B734D2A00F0A272 /* DemoAppVale.app */,
			);
			name = Products;
			sourceTree = "<group>";
		};
		826BEFF42B734D2A00F0A272 /* DemoAppVale */ = {
			isa = PBXGroup;
			children = (
				826BF0032B734D4000F0A272 /* Info.plist */,
				826BF01B2B742DF700F0A272 /* Models */,
				826BF00A2B74295300F0A272 /* Main */,
				826BF0092B74294C00F0A272 /* Scenes */,
			);
			path = DemoAppVale;
			sourceTree = "<group>";
		};
		826BF0092B74294C00F0A272 /* Scenes */ = {
			isa = PBXGroup;
			children = (
				826BF0202B74C56300F0A272 /* Detail */,
				826BF00B2B7429B300F0A272 /* Dashboard */,
				826BEFFB2B734D2A00F0A272 /* Main.storyboard */,
			);
			path = Scenes;
			sourceTree = "<group>";
		};
		826BF00A2B74295300F0A272 /* Main */ = {
			isa = PBXGroup;
			children = (
				826BF0002B734D4000F0A272 /* LaunchScreen.storyboard */,
				826BEFFE2B734D4000F0A272 /* Assets.xcassets */,
				826BEFF52B734D2A00F0A272 /* AppDelegate.swift */,
				826BEFF72B734D2A00F0A272 /* SceneDelegate.swift */,
			);
			path = Main;
			sourceTree = "<group>";
		};
		826BF00B2B7429B300F0A272 /* Dashboard */ = {
			isa = PBXGroup;
			children = (
				826BF0182B742CB200F0A272 /* Views */,
				826BF00D2B7429D900F0A272 /* DashboardPresenter.swift */,
				826BF00E2B7429D900F0A272 /* DashboardRouter.swift */,
				826BF00F2B7429D900F0A272 /* DashboardInteractor.swift */,
				826BF0102B7429D900F0A272 /* DashboardProtocol.swift */,
				826BF0112B7429D900F0A272 /* DashboardVC.swift */,
			);
			path = Dashboard;
			sourceTree = "<group>";
		};
		826BF0182B742CB200F0A272 /* Views */ = {
			isa = PBXGroup;
			children = (
				826BF0192B742CF200F0A272 /* DashboardTableViewCell.swift */,
			);
			path = Views;
			sourceTree = "<group>";
		};
		826BF01B2B742DF700F0A272 /* Models */ = {
			isa = PBXGroup;
			children = (
				826BF01C2B742E2700F0A272 /* UserDataType.swift */,
				826BF01E2B74300600F0A272 /* UserDataModel.swift */,
				8264A8182B74E084002423FB /* EmployeesResponseModel.swift */,
			);
			path = Models;
			sourceTree = "<group>";
		};
		826BF0202B74C56300F0A272 /* Detail */ = {
			isa = PBXGroup;
			children = (
				826BF02D2B74C71C00F0A272 /* Views */,
				826BF0222B74C57200F0A272 /* DetailPresenter.swift */,
				826BF0232B74C57200F0A272 /* DetailRouter.swift */,
				826BF0242B74C57200F0A272 /* DetailInteractor.swift */,
				826BF0252B74C57200F0A272 /* DetailProtocol.swift */,
				826BF0262B74C57200F0A272 /* DetailVC.swift */,
			);
			path = Detail;
			sourceTree = "<group>";
		};
		826BF02D2B74C71C00F0A272 /* Views */ = {
			isa = PBXGroup;
			children = (
				826BF02E2B74C75600F0A272 /* CameraTableViewCell.swift */,
				826BF0302B74C7A500F0A272 /* HeaderTableViewCell.swift */,
				826BF0322B74C9B000F0A272 /* EmployeeTableViewCell.swift */,
				826BF0342B74C9EB00F0A272 /* TextFieldTableViewCell.swift */,
				826BF0362B74CA0C00F0A272 /* DatePickerTableViewCell.swift */,
				826BF0382B74CA2D00F0A272 /* ColorTableViewCell.swift */,
			);
			path = Views;
			sourceTree = "<group>";
		};
/* End PBXGroup section */

/* Begin PBXNativeTarget section */
		826BEFF12B734D2A00F0A272 /* DemoAppVale */ = {
			isa = PBXNativeTarget;
			buildConfigurationList = 826BF0062B734D4000F0A272 /* Build configuration list for PBXNativeTarget "DemoAppVale" */;
			buildPhases = (
				826BEFEE2B734D2A00F0A272 /* Sources */,
				826BEFEF2B734D2A00F0A272 /* Frameworks */,
				826BEFF02B734D2A00F0A272 /* Resources */,
			);
			buildRules = (
			);
			dependencies = (
			);
			name = DemoAppVale;
			productName = DemoAppVale;
			productReference = 826BEFF22B734D2A00F0A272 /* DemoAppVale.app */;
			productType = "com.apple.product-type.application";
		};
/* End PBXNativeTarget section */

/* Begin PBXProject section */
		826BEFEA2B734D2A00F0A272 /* Project object */ = {
			isa = PBXProject;
			attributes = {
				BuildIndependentTargetsInParallel = 1;
				LastSwiftUpdateCheck = 1410;
				LastUpgradeCheck = 1410;
				TargetAttributes = {
					826BEFF12B734D2A00F0A272 = {
						CreatedOnToolsVersion = 14.1;
					};
				};
			};
			buildConfigurationList = 826BEFED2B734D2A00F0A272 /* Build configuration list for PBXProject "DemoAppVale" */;
			compatibilityVersion = "Xcode 14.0";
			developmentRegion = en;
			hasScannedForEncodings = 0;
			knownRegions = (
				en,
				Base,
			);
			mainGroup = 826BEFE92B734D2A00F0A272;
			productRefGroup = 826BEFF32B734D2A00F0A272 /* Products */;
			projectDirPath = "";
			projectRoot = "";
			targets = (
				826BEFF12B734D2A00F0A272 /* DemoAppVale */,
			);
		};
/* End PBXProject section */

/* Begin PBXResourcesBuildPhase section */
		826BEFF02B734D2A00F0A272 /* Resources */ = {
			isa = PBXResourcesBuildPhase;
			buildActionMask = 2147483647;
			files = (
				826BF0022B734D4000F0A272 /* LaunchScreen.storyboard in Resources */,
				826BEFFF2B734D4000F0A272 /* Assets.xcassets in Resources */,
				826BEFFD2B734D2A00F0A272 /* Main.storyboard in Resources */,
			);
			runOnlyForDeploymentPostprocessing = 0;
		};
/* End PBXResourcesBuildPhase section */

/* Begin PBXSourcesBuildPhase section */
		826BEFEE2B734D2A00F0A272 /* Sources */ = {
			isa = PBXSourcesBuildPhase;
			buildActionMask = 2147483647;
			files = (
				826BF02F2B74C75600F0A272 /* CameraTableViewCell.swift in Sources */,
				826BF0162B7429D900F0A272 /* DashboardProtocol.swift in Sources */,
				826BEFF62B734D2A00F0A272 /* AppDelegate.swift in Sources */,
				826BF01F2B74300600F0A272 /* UserDataModel.swift in Sources */,
				826BF01D2B742E2700F0A272 /* UserDataType.swift in Sources */,
				826BF0332B74C9B000F0A272 /* EmployeeTableViewCell.swift in Sources */,
				826BF0282B74C57200F0A272 /* DetailPresenter.swift in Sources */,
				826BF02C2B74C57200F0A272 /* DetailVC.swift in Sources */,
				8264A8192B74E084002423FB /* EmployeesResponseModel.swift in Sources */,
				826BF0392B74CA2D00F0A272 /* ColorTableViewCell.swift in Sources */,
				826BF01A2B742CF200F0A272 /* DashboardTableViewCell.swift in Sources */,
				826BF0142B7429D900F0A272 /* DashboardRouter.swift in Sources */,
				826BEFF82B734D2A00F0A272 /* SceneDelegate.swift in Sources */,
				826BF02B2B74C57200F0A272 /* DetailProtocol.swift in Sources */,
				826BF02A2B74C57200F0A272 /* DetailInteractor.swift in Sources */,
				826BF0172B7429D900F0A272 /* DashboardVC.swift in Sources */,
				826BF0292B74C57200F0A272 /* DetailRouter.swift in Sources */,
				826BF0312B74C7A500F0A272 /* HeaderTableViewCell.swift in Sources */,
				826BF0132B7429D900F0A272 /* DashboardPresenter.swift in Sources */,
				826BF0152B7429D900F0A272 /* DashboardInteractor.swift in Sources */,
				826BF0352B74C9EB00F0A272 /* TextFieldTableViewCell.swift in Sources */,
				826BF0372B74CA0C00F0A272 /* DatePickerTableViewCell.swift in Sources */,
			);
			runOnlyForDeploymentPostprocessing = 0;
		};
/* End PBXSourcesBuildPhase section */

/* Begin PBXVariantGroup section */
		826BEFFB2B734D2A00F0A272 /* Main.storyboard */ = {
			isa = PBXVariantGroup;
			children = (
				826BEFFC2B734D2A00F0A272 /* Base */,
			);
			name = Main.storyboard;
			sourceTree = "<group>";
		};
		826BF0002B734D4000F0A272 /* LaunchScreen.storyboard */ = {
			isa = PBXVariantGroup;
			children = (
				826BF0012B734D4000F0A272 /* Base */,
			);
			name = LaunchScreen.storyboard;
			sourceTree = "<group>";
		};
/* End PBXVariantGroup section */

/* Begin XCBuildConfiguration section */
		826BF0042B734D4000F0A272 /* Debug */ = {
			isa = XCBuildConfiguration;
			buildSettings = {
				ALWAYS_SEARCH_USER_PATHS = NO;
				CLANG_ANALYZER_NONNULL = YES;
				CLANG_ANALYZER_NUMBER_OBJECT_CONVERSION = YES_AGGRESSIVE;
				CLANG_CXX_LANGUAGE_STANDARD = "gnu++20";
				CLANG_ENABLE_MODULES = YES;
				CLANG_ENABLE_OBJC_ARC = YES;
				CLANG_ENABLE_OBJC_WEAK = YES;
				CLANG_WARN_BLOCK_CAPTURE_AUTORELEASING = YES;
				CLANG_WARN_BOOL_CONVERSION = YES;
				CLANG_WARN_COMMA = YES;
				CLANG_WARN_CONSTANT_CONVERSION = YES;
				CLANG_WARN_DEPRECATED_OBJC_IMPLEMENTATIONS = YES;
				CLANG_WARN_DIRECT_OBJC_ISA_USAGE = YES_ERROR;
				CLANG_WARN_DOCUMENTATION_COMMENTS = YES;
				CLANG_WARN_EMPTY_BODY = YES;
				CLANG_WARN_ENUM_CONVERSION = YES;
				CLANG_WARN_INFINITE_RECURSION = YES;
				CLANG_WARN_INT_CONVERSION = YES;
				CLANG_WARN_NON_LITERAL_NULL_CONVERSION = YES;
				CLANG_WARN_OBJC_IMPLICIT_RETAIN_SELF = YES;
				CLANG_WARN_OBJC_LITERAL_CONVERSION = YES;
				CLANG_WARN_OBJC_ROOT_CLASS = YES_ERROR;
				CLANG_WARN_QUOTED_INCLUDE_IN_FRAMEWORK_HEADER = YES;
				CLANG_WARN_RANGE_LOOP_ANALYSIS = YES;
				CLANG_WARN_STRICT_PROTOTYPES = YES;
				CLANG_WARN_SUSPICIOUS_MOVE = YES;
				CLANG_WARN_UNGUARDED_AVAILABILITY = YES_AGGRESSIVE;
				CLANG_WARN_UNREACHABLE_CODE = YES;
				CLANG_WARN__DUPLICATE_METHOD_MATCH = YES;
				COPY_PHASE_STRIP = NO;
				DEBUG_INFORMATION_FORMAT = dwarf;
				ENABLE_STRICT_OBJC_MSGSEND = YES;
				ENABLE_TESTABILITY = YES;
				GCC_C_LANGUAGE_STANDARD = gnu11;
				GCC_DYNAMIC_NO_PIC = NO;
				GCC_NO_COMMON_BLOCKS = YES;
				GCC_OPTIMIZATION_LEVEL = 0;
				GCC_PREPROCESSOR_DEFINITIONS = (
					"DEBUG=1",
					"$(inherited)",
				);
				GCC_WARN_64_TO_32_BIT_CONVERSION = YES;
				GCC_WARN_ABOUT_RETURN_TYPE = YES_ERROR;
				GCC_WARN_UNDECLARED_SELECTOR = YES;
				GCC_WARN_UNINITIALIZED_AUTOS = YES_AGGRESSIVE;
				GCC_WARN_UNUSED_FUNCTION = YES;
				GCC_WARN_UNUSED_VARIABLE = YES;
				IPHONEOS_DEPLOYMENT_TARGET = 16.1;
				MTL_ENABLE_DEBUG_INFO = INCLUDE_SOURCE;
				MTL_FAST_MATH = YES;
				ONLY_ACTIVE_ARCH = YES;
				SDKROOT = iphoneos;
				SWIFT_ACTIVE_COMPILATION_CONDITIONS = DEBUG;
				SWIFT_OPTIMIZATION_LEVEL = "-Onone";
			};
			name = Debug;
		};
		826BF0052B734D4000F0A272 /* Release */ = {
			isa = XCBuildConfiguration;
			buildSettings = {
				ALWAYS_SEARCH_USER_PATHS = NO;
				CLANG_ANALYZER_NONNULL = YES;
				CLANG_ANALYZER_NUMBER_OBJECT_CONVERSION = YES_AGGRESSIVE;
				CLANG_CXX_LANGUAGE_STANDARD = "gnu++20";
				CLANG_ENABLE_MODULES = YES;
				CLANG_ENABLE_OBJC_ARC = YES;
				CLANG_ENABLE_OBJC_WEAK = YES;
				CLANG_WARN_BLOCK_CAPTURE_AUTORELEASING = YES;
				CLANG_WARN_BOOL_CONVERSION = YES;
				CLANG_WARN_COMMA = YES;
				CLANG_WARN_CONSTANT_CONVERSION = YES;
				CLANG_WARN_DEPRECATED_OBJC_IMPLEMENTATIONS = YES;
				CLANG_WARN_DIRECT_OBJC_ISA_USAGE = YES_ERROR;
				CLANG_WARN_DOCUMENTATION_COMMENTS = YES;
				CLANG_WARN_EMPTY_BODY = YES;
				CLANG_WARN_ENUM_CONVERSION = YES;
				CLANG_WARN_INFINITE_RECURSION = YES;
				CLANG_WARN_INT_CONVERSION = YES;
				CLANG_WARN_NON_LITERAL_NULL_CONVERSION = YES;
				CLANG_WARN_OBJC_IMPLICIT_RETAIN_SELF = YES;
				CLANG_WARN_OBJC_LITERAL_CONVERSION = YES;
				CLANG_WARN_OBJC_ROOT_CLASS = YES_ERROR;
				CLANG_WARN_QUOTED_INCLUDE_IN_FRAMEWORK_HEADER = YES;
				CLANG_WARN_RANGE_LOOP_ANALYSIS = YES;
				CLANG_WARN_STRICT_PROTOTYPES = YES;
				CLANG_WARN_SUSPICIOUS_MOVE = YES;
				CLANG_WARN_UNGUARDED_AVAILABILITY = YES_AGGRESSIVE;
				CLANG_WARN_UNREACHABLE_CODE = YES;
				CLANG_WARN__DUPLICATE_METHOD_MATCH = YES;
				COPY_PHASE_STRIP = NO;
				DEBUG_INFORMATION_FORMAT = "dwarf-with-dsym";
				ENABLE_NS_ASSERTIONS = NO;
				ENABLE_STRICT_OBJC_MSGSEND = YES;
				GCC_C_LANGUAGE_STANDARD = gnu11;
				GCC_NO_COMMON_BLOCKS = YES;
				GCC_WARN_64_TO_32_BIT_CONVERSION = YES;
				GCC_WARN_ABOUT_RETURN_TYPE = YES_ERROR;
				GCC_WARN_UNDECLARED_SELECTOR = YES;
				GCC_WARN_UNINITIALIZED_AUTOS = YES_AGGRESSIVE;
				GCC_WARN_UNUSED_FUNCTION = YES;
				GCC_WARN_UNUSED_VARIABLE = YES;
				IPHONEOS_DEPLOYMENT_TARGET = 16.1;
				MTL_ENABLE_DEBUG_INFO = NO;
				MTL_FAST_MATH = YES;
				SDKROOT = iphoneos;
				SWIFT_COMPILATION_MODE = wholemodule;
				SWIFT_OPTIMIZATION_LEVEL = "-O";
				VALIDATE_PRODUCT = YES;
			};
			name = Release;
		};
		826BF0072B734D4000F0A272 /* Debug */ = {
			isa = XCBuildConfiguration;
			buildSettings = {
				ASSETCATALOG_COMPILER_APPICON_NAME = AppIcon;
				ASSETCATALOG_COMPILER_GLOBAL_ACCENT_COLOR_NAME = AccentColor;
				CODE_SIGN_STYLE = Automatic;
				CURRENT_PROJECT_VERSION = 1;
				DEVELOPMENT_TEAM = 6SJ9C8L83A;
				GENERATE_INFOPLIST_FILE = YES;
				INFOPLIST_FILE = DemoAppVale/Info.plist;
				INFOPLIST_KEY_UIApplicationSupportsIndirectInputEvents = YES;
				INFOPLIST_KEY_UILaunchStoryboardName = LaunchScreen;
				INFOPLIST_KEY_UIMainStoryboardFile = Main;
				INFOPLIST_KEY_UISupportedInterfaceOrientations_iPad = "UIInterfaceOrientationPortrait UIInterfaceOrientationPortraitUpsideDown UIInterfaceOrientationLandscapeLeft UIInterfaceOrientationLandscapeRight";
				INFOPLIST_KEY_UISupportedInterfaceOrientations_iPhone = "UIInterfaceOrientationPortrait UIInterfaceOrientationLandscapeLeft UIInterfaceOrientationLandscapeRight";
				LD_RUNPATH_SEARCH_PATHS = (
					"$(inherited)",
					"@executable_path/Frameworks",
				);
				MARKETING_VERSION = 1.0;
				PRODUCT_BUNDLE_IDENTIFIER = com.moobile.DemoAppVale;
				PRODUCT_NAME = "$(TARGET_NAME)";
				SWIFT_EMIT_LOC_STRINGS = YES;
				SWIFT_VERSION = 5.0;
				TARGETED_DEVICE_FAMILY = "1,2";
			};
			name = Debug;
		};
		826BF0082B734D4000F0A272 /* Release */ = {
			isa = XCBuildConfiguration;
			buildSettings = {
				ASSETCATALOG_COMPILER_APPICON_NAME = AppIcon;
				ASSETCATALOG_COMPILER_GLOBAL_ACCENT_COLOR_NAME = AccentColor;
				CODE_SIGN_STYLE = Automatic;
				CURRENT_PROJECT_VERSION = 1;
				DEVELOPMENT_TEAM = 6SJ9C8L83A;
				GENERATE_INFOPLIST_FILE = YES;
				INFOPLIST_FILE = DemoAppVale/Info.plist;
				INFOPLIST_KEY_UIApplicationSupportsIndirectInputEvents = YES;
				INFOPLIST_KEY_UILaunchStoryboardName = LaunchScreen;
				INFOPLIST_KEY_UIMainStoryboardFile = Main;
				INFOPLIST_KEY_UISupportedInterfaceOrientations_iPad = "UIInterfaceOrientationPortrait UIInterfaceOrientationPortraitUpsideDown UIInterfaceOrientationLandscapeLeft UIInterfaceOrientationLandscapeRight";
				INFOPLIST_KEY_UISupportedInterfaceOrientations_iPhone = "UIInterfaceOrientationPortrait UIInterfaceOrientationLandscapeLeft UIInterfaceOrientationLandscapeRight";
				LD_RUNPATH_SEARCH_PATHS = (
					"$(inherited)",
					"@executable_path/Frameworks",
				);
				MARKETING_VERSION = 1.0;
				PRODUCT_BUNDLE_IDENTIFIER = com.moobile.DemoAppVale;
				PRODUCT_NAME = "$(TARGET_NAME)";
				SWIFT_EMIT_LOC_STRINGS = YES;
				SWIFT_VERSION = 5.0;
				TARGETED_DEVICE_FAMILY = "1,2";
			};
			name = Release;
		};
/* End XCBuildConfiguration section */

/* Begin XCConfigurationList section */
		826BEFED2B734D2A00F0A272 /* Build configuration list for PBXProject "DemoAppVale" */ = {
			isa = XCConfigurationList;
			buildConfigurations = (
				826BF0042B734D4000F0A272 /* Debug */,
				826BF0052B734D4000F0A272 /* Release */,
			);
			defaultConfigurationIsVisible = 0;
			defaultConfigurationName = Release;
		};
		826BF0062B734D4000F0A272 /* Build configuration list for PBXNativeTarget "DemoAppVale" */ = {
			isa = XCConfigurationList;
			buildConfigurations = (
				826BF0072B734D4000F0A272 /* Debug */,
				826BF0082B734D4000F0A272 /* Release */,
			);
			defaultConfigurationIsVisible = 0;
			defaultConfigurationName = Release;
		};
/* End XCConfigurationList section */
	};
	rootObject = 826BEFEA2B734D2A00F0A272 /* Project object */;
}
